
Microsoft Visual Studio Solution File, Format Version 12.00
# Visual Studio Version 16
VisualStudioVersion = 16.0.31911.196
MinimumVisualStudioVersion = 10.0.40219.1
Project("{FAE04EC0-301F-11D3-BF4B-00C04F79EFBC}") = "QLNH_APIs", "QLNH_APIs\QLNH_APIs.csproj", "{D8B8A951-A65F-4435-98BB-675A250AA4B2}"
EndProject
Global
	GlobalSection(SolutionConfigurationPlatforms) = preSolution
		Debug|Any CPU = Debug|Any CPU
		Release|Any CPU = Release|Any CPU
	EndGlobalSection
	GlobalSection(ProjectConfigurationPlatforms) = postSolution
		{D8B8A951-A65F-4435-98BB-675A250AA4B2}.Debug|Any CPU.ActiveCfg = Debug|Any CPU
		{D8B8A951-A65F-4435-98BB-675A250AA4B2}.Debug|Any CPU.Build.0 = Debug|Any CPU
		{D8B8A951-A65F-4435-98BB-675A250AA4B2}.Release|Any CPU.ActiveCfg = Release|Any CPU
		{D8B8A951-A65F-4435-98BB-675A250AA4B2}.Release|Any CPU.Build.0 = Release|Any CPU
	EndGlobalSection
	GlobalSection(SolutionProperties) = preSolution
		HideSolutionNode = FALSE
	EndGlobalSection
	GlobalSection(ExtensibilityGlobals) = postSolution
		SolutionGuid = {ABA169BC-59D0-4EA9-BDC3-B939FFCCE741}
	EndGlobalSection
EndGlobal
